Microsoft Visual Studio Solution File, Format Version 9.00
# Visual Studio 2005
Project("{F184B08F-C81C-45F6-A57F-5ABD9991F28F}") = "WinWebSolution.Module", "WinWebSolution.Module\WinWebSolution.Module.vbproj", "{6511D512-9F0C-40F2-BCE1-16F2E66E92D6}"
	ProjectSection(WebsiteProperties) = preProject
		Debug.AspNetCompiler.Debug = "True"
		Release.AspNetCompiler.Debug = "False"
	EndProjectSection
EndProject
Project("{F184B08F-C81C-45F6-A57F-5ABD9991F28F}") = "WinWebSolution.Web", "WinWebSolution.Web\WinWebSolution.Web.vbproj", "{68EFF89E-0924-492B-A86C-8EC4F5B7E4E8}"
	ProjectSection(WebsiteProperties) = preProject
		Debug.AspNetCompiler.Debug = "True"
		Release.AspNetCompiler.Debug = "False"
	EndProjectSection
EndProject
Project("{F184B08F-C81C-45F6-A57F-5ABD9991F28F}") = "WinWebSolution.Win", "WinWebSolution.Win\WinWebSolution.Win.vbproj", "{2C6067BA-5C15-4227-B312-237E40646B7C}"
	ProjectSection(WebsiteProperties) = preProject
		Debug.AspNetCompiler.Debug = "True"
		Release.AspNetCompiler.Debug = "False"
	EndProjectSection
EndProject
Global
	GlobalSection(SolutionConfigurationPlatforms) = preSolution
		Debug|Any CPU = Debug|Any CPU
		EasyTest|Any CPU = EasyTest|Any CPU
		Release|Any CPU = Release|Any CPU
	EndGlobalSection
	GlobalSection(ProjectConfigurationPlatforms) = postSolution
		{6511D512-9F0C-40F2-BCE1-16F2E66E92D6}.Debug|Any CPU.ActiveCfg = Debug|Any CPU
		{6511D512-9F0C-40F2-BCE1-16F2E66E92D6}.Debug|Any CPU.Build.0 = Debug|Any CPU
		{6511D512-9F0C-40F2-BCE1-16F2E66E92D6}.EasyTest|Any CPU.ActiveCfg = EasyTest|Any CPU
		{6511D512-9F0C-40F2-BCE1-16F2E66E92D6}.EasyTest|Any CPU.Build.0 = EasyTest|Any CPU
		{6511D512-9F0C-40F2-BCE1-16F2E66E92D6}.Release|Any CPU.ActiveCfg = Release|Any CPU
		{6511D512-9F0C-40F2-BCE1-16F2E66E92D6}.Release|Any CPU.Build.0 = Release|Any CPU
		{68EFF89E-0924-492B-A86C-8EC4F5B7E4E8}.Debug|Any CPU.ActiveCfg = Debug|Any CPU
		{68EFF89E-0924-492B-A86C-8EC4F5B7E4E8}.Debug|Any CPU.Build.0 = Debug|Any CPU
		{68EFF89E-0924-492B-A86C-8EC4F5B7E4E8}.EasyTest|Any CPU.ActiveCfg = EasyTest|Any CPU
		{68EFF89E-0924-492B-A86C-8EC4F5B7E4E8}.EasyTest|Any CPU.Build.0 = EasyTest|Any CPU
		{68EFF89E-0924-492B-A86C-8EC4F5B7E4E8}.Release|Any CPU.ActiveCfg = Release|Any CPU
		{68EFF89E-0924-492B-A86C-8EC4F5B7E4E8}.Release|Any CPU.Build.0 = Release|Any CPU
		{2C6067BA-5C15-4227-B312-237E40646B7C}.Debug|Any CPU.ActiveCfg = Debug|Any CPU
		{2C6067BA-5C15-4227-B312-237E40646B7C}.Debug|Any CPU.Build.0 = Debug|Any CPU
		{2C6067BA-5C15-4227-B312-237E40646B7C}.EasyTest|Any CPU.ActiveCfg = EasyTest|Any CPU
		{2C6067BA-5C15-4227-B312-237E40646B7C}.EasyTest|Any CPU.Build.0 = EasyTest|Any CPU
		{2C6067BA-5C15-4227-B312-237E40646B7C}.Release|Any CPU.ActiveCfg = Release|Any CPU
		{2C6067BA-5C15-4227-B312-237E40646B7C}.Release|Any CPU.Build.0 = Release|Any CPU
	EndGlobalSection
	GlobalSection(SolutionProperties) = preSolution
		HideSolutionNode = FALSE
	EndGlobalSection
EndGlobal
